
Microsoft Visual Studio Solution File, Format Version 12.00
# Visual Studio Version 17
VisualStudioVersion = 17.7.34018.315
MinimumVisualStudioVersion = 10.0.40219.1
Project("{FAE04EC0-301F-11D3-BF4B-00C04F79EFBC}") = "exam", "exam.csproj", "{4CB77B4E-4E3B-4A58-93E3-77AC1B979E5F}"
EndProject
Global
	GlobalSection(SolutionConfigurationPlatforms) = preSolution
		Debug|Any CPU = Debug|Any CPU
		Release|Any CPU = Release|Any CPU
	EndGlobalSection
	GlobalSection(ProjectConfigurationPlatforms) = postSolution
		{4CB77B4E-4E3B-4A58-93E3-77AC1B979E5F}.Debug|Any CPU.ActiveCfg = Debug|Any CPU
		{4CB77B4E-4E3B-4A58-93E3-77AC1B979E5F}.Debug|Any CPU.Build.0 = Debug|Any CPU
		{4CB77B4E-4E3B-4A58-93E3-77AC1B979E5F}.Release|Any CPU.ActiveCfg = Release|Any CPU
		{4CB77B4E-4E3B-4A58-93E3-77AC1B979E5F}.Release|Any CPU.Build.0 = Release|Any CPU
	EndGlobalSection
	GlobalSection(SolutionProperties) = preSolution
		HideSolutionNode = FALSE
	EndGlobalSection
	GlobalSection(ExtensibilityGlobals) = postSolution
		SolutionGuid = {638710A3-4F88-4456-94EF-54D264293FC6}
	EndGlobalSection
EndGlobal
